
Microsoft Visual Studio Solution File, Format Version 12.00
# Visual Studio Version 16
VisualStudioVersion = 16.0.30717.126
MinimumVisualStudioVersion = 10.0.40219.1
Project("{9A19103F-16F7-4668-BE54-9A1E7A4F7556}") = "Entities", "Entities\Entities.csproj", "{963A8D95-7EAA-45C5-85F1-4CAF7816C3AB}"
EndProject
Project("{9A19103F-16F7-4668-BE54-9A1E7A4F7556}") = "Business", "Business\Business.csproj", "{E01C8071-6B8D-4ABE-A2CD-67DE5C0761C2}"
EndProject
Project("{9A19103F-16F7-4668-BE54-9A1E7A4F7556}") = "DataAccess", "DataAccess\DataAccess.csproj", "{F09B79C5-5BEC-4472-B8D2-FAFFAB388288}"
EndProject
Project("{9A19103F-16F7-4668-BE54-9A1E7A4F7556}") = "ConsoleUI", "ConsoleUI\ConsoleUI.csproj", "{7F25F5B6-0B26-40EE-BDC2-219F1F6DE1C9}"
EndProject
Project("{9A19103F-16F7-4668-BE54-9A1E7A4F7556}") = "Core", "Core\Core.csproj", "{3C7CC4C5-9B85-46E9-8D12-75CB99E44E08}"
EndProject
Project("{FAE04EC0-301F-11D3-BF4B-00C04F79EFBC}") = "WebAPI", "WebAPI\WebAPI.csproj", "{A3F2A290-6E3B-424F-9909-2A1F31520136}"
EndProject
Global
	GlobalSection(SolutionConfigurationPlatforms) = preSolution
		Debug|Any CPU = Debug|Any CPU
		Release|Any CPU = Release|Any CPU
	EndGlobalSection
	GlobalSection(ProjectConfigurationPlatforms) = postSolution
		{963A8D95-7EAA-45C5-85F1-4CAF7816C3AB}.Debug|Any CPU.ActiveCfg = Debug|Any CPU
		{963A8D95-7EAA-45C5-85F1-4CAF7816C3AB}.Debug|Any CPU.Build.0 = Debug|Any CPU
		{963A8D95-7EAA-45C5-85F1-4CAF7816C3AB}.Release|Any CPU.ActiveCfg = Release|Any CPU
		{963A8D95-7EAA-45C5-85F1-4CAF7816C3AB}.Release|Any CPU.Build.0 = Release|Any CPU
		{E01C8071-6B8D-4ABE-A2CD-67DE5C0761C2}.Debug|Any CPU.ActiveCfg = Debug|Any CPU
		{E01C8071-6B8D-4ABE-A2CD-67DE5C0761C2}.Debug|Any CPU.Build.0 = Debug|Any CPU
		{E01C8071-6B8D-4ABE-A2CD-67DE5C0761C2}.Release|Any CPU.ActiveCfg = Release|Any CPU
		{E01C8071-6B8D-4ABE-A2CD-67DE5C0761C2}.Release|Any CPU.Build.0 = Release|Any CPU
		{F09B79C5-5BEC-4472-B8D2-FAFFAB388288}.Debug|Any CPU.ActiveCfg = Debug|Any CPU
		{F09B79C5-5BEC-4472-B8D2-FAFFAB388288}.Debug|Any CPU.Build.0 = Debug|Any CPU
		{F09B79C5-5BEC-4472-B8D2-FAFFAB388288}.Release|Any CPU.ActiveCfg = Release|Any CPU
		{F09B79C5-5BEC-4472-B8D2-FAFFAB388288}.Release|Any CPU.Build.0 = Release|Any CPU
		{7F25F5B6-0B26-40EE-BDC2-219F1F6DE1C9}.Debug|Any CPU.ActiveCfg = Debug|Any CPU
		{7F25F5B6-0B26-40EE-BDC2-219F1F6DE1C9}.Debug|Any CPU.Build.0 = Debug|Any CPU
		{7F25F5B6-0B26-40EE-BDC2-219F1F6DE1C9}.Release|Any CPU.ActiveCfg = Release|Any CPU
		{7F25F5B6-0B26-40EE-BDC2-219F1F6DE1C9}.Release|Any CPU.Build.0 = Release|Any CPU
		{3C7CC4C5-9B85-46E9-8D12-75CB99E44E08}.Debug|Any CPU.ActiveCfg = Debug|Any CPU
		{3C7CC4C5-9B85-46E9-8D12-75CB99E44E08}.Debug|Any CPU.Build.0 = Debug|Any CPU
		{3C7CC4C5-9B85-46E9-8D12-75CB99E44E08}.Release|Any CPU.ActiveCfg = Release|Any CPU
		{3C7CC4C5-9B85-46E9-8D12-75CB99E44E08}.Release|Any CPU.Build.0 = Release|Any CPU
		{A3F2A290-6E3B-424F-9909-2A1F31520136}.Debug|Any CPU.ActiveCfg = Debug|Any CPU
		{A3F2A290-6E3B-424F-9909-2A1F31520136}.Debug|Any CPU.Build.0 = Debug|Any CPU
		{A3F2A290-6E3B-424F-9909-2A1F31520136}.Release|Any CPU.ActiveCfg = Release|Any CPU
		{A3F2A290-6E3B-424F-9909-2A1F31520136}.Release|Any CPU.Build.0 = Release|Any CPU
	EndGlobalSection
	GlobalSection(SolutionProperties) = preSolution
		HideSolutionNode = FALSE
	EndGlobalSection
	GlobalSection(ExtensibilityGlobals) = postSolution
		SolutionGuid = {7E13A6E8-4560-4ADB-9B15-AF090D1F5537}
	EndGlobalSection
EndGlobal
